
Microsoft Visual Studio Solution File, Format Version 12.00
# Visual Studio Version 16
VisualStudioVersion = 16.0.29509.3
MinimumVisualStudioVersion = 10.0.40219.1
Project("{FAE04EC0-301F-11D3-BF4B-00C04F79EFBC}") = "wpf-hw_drawing", "wpf-hw_drawing\wpf-hw_drawing.csproj", "{4DF43834-98A6-4E59-9950-FD2E3D4B8660}"
EndProject
Global
	GlobalSection(SolutionConfigurationPlatforms) = preSolution
		Debug|Any CPU = Debug|Any CPU
		Release|Any CPU = Release|Any CPU
	EndGlobalSection
	GlobalSection(ProjectConfigurationPlatforms) = postSolution
		{4DF43834-98A6-4E59-9950-FD2E3D4B8660}.Debug|Any CPU.ActiveCfg = Debug|Any CPU
		{4DF43834-98A6-4E59-9950-FD2E3D4B8660}.Debug|Any CPU.Build.0 = Debug|Any CPU
		{4DF43834-98A6-4E59-9950-FD2E3D4B8660}.Release|Any CPU.ActiveCfg = Release|Any CPU
		{4DF43834-98A6-4E59-9950-FD2E3D4B8660}.Release|Any CPU.Build.0 = Release|Any CPU
	EndGlobalSection
	GlobalSection(SolutionProperties) = preSolution
		HideSolutionNode = FALSE
	EndGlobalSection
	GlobalSection(ExtensibilityGlobals) = postSolution
		SolutionGuid = {F26D5E40-007B-49E7-834D-1E90F9D8ADA4}
	EndGlobalSection
EndGlobal
